// !$*UTF8*$!
{
	archiveVersion = 1;
	classes = {
	};
	objectVersion = 56;
	objects = {

/* Begin PBXBuildFile section */
		8B06BED22D44D760000E5229 /* MessageItem.swift in Sources */ = {isa = PBXBuildFile; fileRef = 8B06BED12D44D760000E5229 /* MessageItem.swift */; };
		8B06BED42D44D8CD000E5229 /* BubbleTextView.swift in Sources */ = {isa = PBXBuildFile; fileRef = 8B06BED32D44D8CD000E5229 /* BubbleTextView.swift */; };
		8B06BED62D44D9B2000E5229 /* BubbleTailView.swift in Sources */ = {isa = PBXBuildFile; fileRef = 8B06BED52D44D9B2000E5229 /* BubbleTailView.swift */; };
		8B06BED92D44DAB3000E5229 /* CustomModifier.swift in Sources */ = {isa = PBXBuildFile; fileRef = 8B06BED82D44DAB3000E5229 /* CustomModifier.swift */; };
		8B06BEDB2D44E53E000E5229 /* BubbleImageView.swift in Sources */ = {isa = PBXBuildFile; fileRef = 8B06BEDA2D44E53E000E5229 /* BubbleImageView.swift */; };
		8B06BEDD2D44EA38000E5229 /* BubbdleAudioView.swift in Sources */ = {isa = PBXBuildFile; fileRef = 8B06BEDC2D44EA38000E5229 /* BubbdleAudioView.swift */; };
		8B06BEE02D44F149000E5229 /* FirebaseAnalytics in Frameworks */ = {isa = PBXBuildFile; productRef = 8B06BEDF2D44F149000E5229 /* FirebaseAnalytics */; };
		8B06BEE22D44F149000E5229 /* FirebaseAnalyticsOnDeviceConversion in Frameworks */ = {isa = PBXBuildFile; productRef = 8B06BEE12D44F149000E5229 /* FirebaseAnalyticsOnDeviceConversion */; };
		8B06BEE42D44F149000E5229 /* FirebaseAnalyticsWithoutAdIdSupport in Frameworks */ = {isa = PBXBuildFile; productRef = 8B06BEE32D44F149000E5229 /* FirebaseAnalyticsWithoutAdIdSupport */; };
		8B06BEE62D44F149000E5229 /* FirebaseAppCheck in Frameworks */ = {isa = PBXBuildFile; productRef = 8B06BEE52D44F149000E5229 /* FirebaseAppCheck */; };
		8B06BEE82D44F149000E5229 /* FirebaseAppDistribution-Beta in Frameworks */ = {isa = PBXBuildFile; productRef = 8B06BEE72D44F149000E5229 /* FirebaseAppDistribution-Beta */; };
		8B06BEEA2D44F149000E5229 /* FirebaseAuth in Frameworks */ = {isa = PBXBuildFile; productRef = 8B06BEE92D44F149000E5229 /* FirebaseAuth */; };
		8B06BEEC2D44F149000E5229 /* FirebaseAuthCombine-Community in Frameworks */ = {isa = PBXBuildFile; productRef = 8B06BEEB2D44F149000E5229 /* FirebaseAuthCombine-Community */; };
		8B06BEEE2D44F149000E5229 /* FirebaseCore in Frameworks */ = {isa = PBXBuildFile; productRef = 8B06BEED2D44F149000E5229 /* FirebaseCore */; };
		8B06BEF02D44F149000E5229 /* FirebaseCrashlytics in Frameworks */ = {isa = PBXBuildFile; productRef = 8B06BEEF2D44F149000E5229 /* FirebaseCrashlytics */; };
		8B06BEF22D44F149000E5229 /* FirebaseDatabase in Frameworks */ = {isa = PBXBuildFile; productRef = 8B06BEF12D44F149000E5229 /* FirebaseDatabase */; };
		8B06BEF42D44F149000E5229 /* FirebaseDynamicLinks in Frameworks */ = {isa = PBXBuildFile; productRef = 8B06BEF32D44F149000E5229 /* FirebaseDynamicLinks */; };
		8B06BEF62D44F149000E5229 /* FirebaseFirestore in Frameworks */ = {isa = PBXBuildFile; productRef = 8B06BEF52D44F149000E5229 /* FirebaseFirestore */; };
		8B06BEF82D44F149000E5229 /* FirebaseFirestoreCombine-Community in Frameworks */ = {isa = PBXBuildFile; productRef = 8B06BEF72D44F149000E5229 /* FirebaseFirestoreCombine-Community */; };
		8B06BEFA2D44F149000E5229 /* FirebaseFunctions in Frameworks */ = {isa = PBXBuildFile; productRef = 8B06BEF92D44F149000E5229 /* FirebaseFunctions */; };
		8B06BEFC2D44F149000E5229 /* FirebaseFunctionsCombine-Community in Frameworks */ = {isa = PBXBuildFile; productRef = 8B06BEFB2D44F149000E5229 /* FirebaseFunctionsCombine-Community */; };
		8B06BEFE2D44F149000E5229 /* FirebaseInAppMessaging-Beta in Frameworks */ = {isa = PBXBuildFile; productRef = 8B06BEFD2D44F149000E5229 /* FirebaseInAppMessaging-Beta */; };
		8B06BF002D44F149000E5229 /* FirebaseMessaging in Frameworks */ = {isa = PBXBuildFile; productRef = 8B06BEFF2D44F149000E5229 /* FirebaseMessaging */; };
		8B06BF022D44F149000E5229 /* FirebasePerformance in Frameworks */ = {isa = PBXBuildFile; productRef = 8B06BF012D44F149000E5229 /* FirebasePerformance */; };
		8B06BF042D44F149000E5229 /* FirebaseRemoteConfig in Frameworks */ = {isa = PBXBuildFile; productRef = 8B06BF032D44F149000E5229 /* FirebaseRemoteConfig */; };
		8B06BF062D44F149000E5229 /* FirebaseStorage in Frameworks */ = {isa = PBXBuildFile; productRef = 8B06BF052D44F149000E5229 /* FirebaseStorage */; };
		8B06BF082D44F149000E5229 /* FirebaseStorageCombine-Community in Frameworks */ = {isa = PBXBuildFile; productRef = 8B06BF072D44F149000E5229 /* FirebaseStorageCombine-Community */; };
		8B06BF0A2D44F1A9000E5229 /* GoogleService-Info.plist in Resources */ = {isa = PBXBuildFile; fileRef = 8B06BF092D44F1A9000E5229 /* GoogleService-Info.plist */; };
		8B06BF0E2D44FB1E000E5229 /* LoginScreen.swift in Sources */ = {isa = PBXBuildFile; fileRef = 8B06BF0D2D44FB1E000E5229 /* LoginScreen.swift */; };
		8B06BF102D44FB50000E5229 /* AuthHeaderView.swift in Sources */ = {isa = PBXBuildFile; fileRef = 8B06BF0F2D44FB50000E5229 /* AuthHeaderView.swift */; };
		8B06BF122D44FBDE000E5229 /* AuthTextField.swift in Sources */ = {isa = PBXBuildFile; fileRef = 8B06BF112D44FBDE000E5229 /* AuthTextField.swift */; };
		8B06BF142D44FBF3000E5229 /* AuthButton.swift in Sources */ = {isa = PBXBuildFile; fileRef = 8B06BF132D44FBF3000E5229 /* AuthButton.swift */; };
		8B06BF162D44FE48000E5229 /* SignUpScreen.swift in Sources */ = {isa = PBXBuildFile; fileRef = 8B06BF152D44FE48000E5229 /* SignUpScreen.swift */; };
		8B06BF192D44FF1A000E5229 /* AuthScreenModel.swift in Sources */ = {isa = PBXBuildFile; fileRef = 8B06BF182D44FF1A000E5229 /* AuthScreenModel.swift */; };
		8B0734D32D453AC7008B9A2C /* AuthProvider.swift in Sources */ = {isa = PBXBuildFile; fileRef = 8B0734D22D453AC7008B9A2C /* AuthProvider.swift */; };
		8B3150F12CC38CD4005865E5 /* WhatSappCloneApp.swift in Sources */ = {isa = PBXBuildFile; fileRef = 8B3150F02CC38CD4005865E5 /* WhatSappCloneApp.swift */; };
		8B3150F32CC38CD4005865E5 /* ContentView.swift in Sources */ = {isa = PBXBuildFile; fileRef = 8B3150F22CC38CD4005865E5 /* ContentView.swift */; };
		8B3150F52CC38CD6005865E5 /* Assets.xcassets in Resources */ = {isa = PBXBuildFile; fileRef = 8B3150F42CC38CD6005865E5 /* Assets.xcassets */; };
		8B3150F92CC38CD6005865E5 /* Preview Assets.xcassets in Resources */ = {isa = PBXBuildFile; fileRef = 8B3150F82CC38CD6005865E5 /* Preview Assets.xcassets */; };
		8B3561E72D43547400A83E25 /* CommunityTabScreen.swift in Sources */ = {isa = PBXBuildFile; fileRef = 8B3561E62D43547400A83E25 /* CommunityTabScreen.swift */; };
		8B3561EA2D4367A200A83E25 /* ChannelTabScreen.swift in Sources */ = {isa = PBXBuildFile; fileRef = 8B3561E92D4367A200A83E25 /* ChannelTabScreen.swift */; };
		8B3561EC2D44A39400A83E25 /* ChannelItemView.swift in Sources */ = {isa = PBXBuildFile; fileRef = 8B3561EB2D44A39400A83E25 /* ChannelItemView.swift */; };
		8B3561EF2D44ADF500A83E25 /* SettingsTabScreen.swift in Sources */ = {isa = PBXBuildFile; fileRef = 8B3561EE2D44ADF500A83E25 /* SettingsTabScreen.swift */; };
		8B3561F12D44BC3400A83E25 /* SettingsItemView.swift in Sources */ = {isa = PBXBuildFile; fileRef = 8B3561F02D44BC3400A83E25 /* SettingsItemView.swift */; };
		8B3561F42D44BD3200A83E25 /* SettingsItem.swift in Sources */ = {isa = PBXBuildFile; fileRef = 8B3561F32D44BD3200A83E25 /* SettingsItem.swift */; };
		8B3561F82D44C4C600A83E25 /* ChatRoomScreen.swift in Sources */ = {isa = PBXBuildFile; fileRef = 8B3561F72D44C4C600A83E25 /* ChatRoomScreen.swift */; };
		8B3561FA2D44C65600A83E25 /* TextInputArea.swift in Sources */ = {isa = PBXBuildFile; fileRef = 8B3561F92D44C65600A83E25 /* TextInputArea.swift */; };
		8B3561FC2D44C76200A83E25 /* MessageListView.swift in Sources */ = {isa = PBXBuildFile; fileRef = 8B3561FB2D44C76200A83E25 /* MessageListView.swift */; };
		8B3561FE2D44CA1000A83E25 /* MessageListController.swift in Sources */ = {isa = PBXBuildFile; fileRef = 8B3561FD2D44CA1000A83E25 /* MessageListController.swift */; };
		8B717BEC2D47411000D7C95F /* ChatPartnerPickerScreen.swift in Sources */ = {isa = PBXBuildFile; fileRef = 8B717BEB2D47411000D7C95F /* ChatPartnerPickerScreen.swift */; };
		8B717BEE2D4744EA00D7C95F /* ChatPartnerRowView.swift in Sources */ = {isa = PBXBuildFile; fileRef = 8B717BED2D4744EA00D7C95F /* ChatPartnerRowView.swift */; };
		8B717BF12D4746AB00D7C95F /* ChatPartnerPickerViewModel.swift in Sources */ = {isa = PBXBuildFile; fileRef = 8B717BF02D4746AB00D7C95F /* ChatPartnerPickerViewModel.swift */; };
		8B717BF32D47D64600D7C95F /* AddGroupChatPartnersScreen.swift in Sources */ = {isa = PBXBuildFile; fileRef = 8B717BF22D47D64600D7C95F /* AddGroupChatPartnersScreen.swift */; };
		8B75DF472D42315D00C9842C /* CallsTabScreen.swift in Sources */ = {isa = PBXBuildFile; fileRef = 8B75DF462D42315D00C9842C /* CallsTabScreen.swift */; };
		8BBBF9732D46117E00867751 /* RootScreen.swift in Sources */ = {isa = PBXBuildFile; fileRef = 8BBBF9722D46117E00867751 /* RootScreen.swift */; };
		8BBBF9762D46119100867751 /* RootScreenModel.swift in Sources */ = {isa = PBXBuildFile; fileRef = 8BBBF9752D46119100867751 /* RootScreenModel.swift */; };
		8BBBF9792D4628F800867751 /* UserItem.swift in Sources */ = {isa = PBXBuildFile; fileRef = 8BBBF9782D4628F800867751 /* UserItem.swift */; };
		8BBBF97C2D46293500867751 /* FirebaseConstants.swift in Sources */ = {isa = PBXBuildFile; fileRef = 8BBBF97B2D46293500867751 /* FirebaseConstants.swift */; };
		8BF377DA2D420DF1004B2E1D /* MainTabView.swift in Sources */ = {isa = PBXBuildFile; fileRef = 8BF377D92D420DF1004B2E1D /* MainTabView.swift */; };
		8BFA763D2D42199500B4FB50 /* UpdatesTabScreen.swift in Sources */ = {isa = PBXBuildFile; fileRef = 8BFA763C2D42199500B4FB50 /* UpdatesTabScreen.swift */; };
/* End PBXBuildFile section */

/* Begin PBXFileReference section */
		8B06BED12D44D760000E5229 /* MessageItem.swift */ = {isa = PBXFileReference; lastKnownFileType = sourcecode.swift; path = MessageItem.swift; sourceTree = "<group>"; };
		8B06BED32D44D8CD000E5229 /* BubbleTextView.swift */ = {isa = PBXFileReference; lastKnownFileType = sourcecode.swift; path = BubbleTextView.swift; sourceTree = "<group>"; };
		8B06BED52D44D9B2000E5229 /* BubbleTailView.swift */ = {isa = PBXFileReference; lastKnownFileType = sourcecode.swift; path = BubbleTailView.swift; sourceTree = "<group>"; };
		8B06BED82D44DAB3000E5229 /* CustomModifier.swift */ = {isa = PBXFileReference; lastKnownFileType = sourcecode.swift; path = CustomModifier.swift; sourceTree = "<group>"; };
		8B06BEDA2D44E53E000E5229 /* BubbleImageView.swift */ = {isa = PBXFileReference; lastKnownFileType = sourcecode.swift; path = BubbleImageView.swift; sourceTree = "<group>"; };
		8B06BEDC2D44EA38000E5229 /* BubbdleAudioView.swift */ = {isa = PBXFileReference; lastKnownFileType = sourcecode.swift; path = BubbdleAudioView.swift; sourceTree = "<group>"; };
		8B06BF092D44F1A9000E5229 /* GoogleService-Info.plist */ = {isa = PBXFileReference; lastKnownFileType = text.plist.xml; path = "GoogleService-Info.plist"; sourceTree = "<group>"; };
		8B06BF0D2D44FB1E000E5229 /* LoginScreen.swift */ = {isa = PBXFileReference; lastKnownFileType = sourcecode.swift; path = LoginScreen.swift; sourceTree = "<group>"; };
		8B06BF0F2D44FB50000E5229 /* AuthHeaderView.swift */ = {isa = PBXFileReference; lastKnownFileType = sourcecode.swift; path = AuthHeaderView.swift; sourceTree = "<group>"; };
		8B06BF112D44FBDE000E5229 /* AuthTextField.swift */ = {isa = PBXFileReference; lastKnownFileType = sourcecode.swift; path = AuthTextField.swift; sourceTree = "<group>"; };
		8B06BF132D44FBF3000E5229 /* AuthButton.swift */ = {isa = PBXFileReference; lastKnownFileType = sourcecode.swift; path = AuthButton.swift; sourceTree = "<group>"; };
		8B06BF152D44FE48000E5229 /* SignUpScreen.swift */ = {isa = PBXFileReference; lastKnownFileType = sourcecode.swift; path = SignUpScreen.swift; sourceTree = "<group>"; };
		8B06BF182D44FF1A000E5229 /* AuthScreenModel.swift */ = {isa = PBXFileReference; lastKnownFileType = sourcecode.swift; path = AuthScreenModel.swift; sourceTree = "<group>"; };
		8B0734D22D453AC7008B9A2C /* AuthProvider.swift */ = {isa = PBXFileReference; lastKnownFileType = sourcecode.swift; path = AuthProvider.swift; sourceTree = "<group>"; };
		8B3150ED2CC38CD4005865E5 /* WhatSappClone.app */ = {isa = PBXFileReference; explicitFileType = wrapper.application; includeInIndex = 0; path = WhatSappClone.app; sourceTree = BUILT_PRODUCTS_DIR; };
		8B3150F02CC38CD4005865E5 /* WhatSappCloneApp.swift */ = {isa = PBXFileReference; lastKnownFileType = sourcecode.swift; path = WhatSappCloneApp.swift; sourceTree = "<group>"; };
		8B3150F22CC38CD4005865E5 /* ContentView.swift */ = {isa = PBXFileReference; lastKnownFileType = sourcecode.swift; path = ContentView.swift; sourceTree = "<group>"; };
		8B3150F42CC38CD6005865E5 /* Assets.xcassets */ = {isa = PBXFileReference; lastKnownFileType = folder.assetcatalog; path = Assets.xcassets; sourceTree = "<group>"; };
		8B3150F62CC38CD6005865E5 /* WhatSappClone.entitlements */ = {isa = PBXFileReference; lastKnownFileType = text.plist.entitlements; path = WhatSappClone.entitlements; sourceTree = "<group>"; };
		8B3150F82CC38CD6005865E5 /* Preview Assets.xcassets */ = {isa = PBXFileReference; lastKnownFileType = folder.assetcatalog; path = "Preview Assets.xcassets"; sourceTree = "<group>"; };
		8B3561E62D43547400A83E25 /* CommunityTabScreen.swift */ = {isa = PBXFileReference; lastKnownFileType = sourcecode.swift; path = CommunityTabScreen.swift; sourceTree = "<group>"; };
		8B3561E92D4367A200A83E25 /* ChannelTabScreen.swift */ = {isa = PBXFileReference; lastKnownFileType = sourcecode.swift; path = ChannelTabScreen.swift; sourceTree = "<group>"; };
		8B3561EB2D44A39400A83E25 /* ChannelItemView.swift */ = {isa = PBXFileReference; lastKnownFileType = sourcecode.swift; path = ChannelItemView.swift; sourceTree = "<group>"; };
		8B3561EE2D44ADF500A83E25 /* SettingsTabScreen.swift */ = {isa = PBXFileReference; lastKnownFileType = sourcecode.swift; path = SettingsTabScreen.swift; sourceTree = "<group>"; };
		8B3561F02D44BC3400A83E25 /* SettingsItemView.swift */ = {isa = PBXFileReference; lastKnownFileType = sourcecode.swift; path = SettingsItemView.swift; sourceTree = "<group>"; };
		8B3561F32D44BD3200A83E25 /* SettingsItem.swift */ = {isa = PBXFileReference; lastKnownFileType = sourcecode.swift; path = SettingsItem.swift; sourceTree = "<group>"; };
		8B3561F72D44C4C600A83E25 /* ChatRoomScreen.swift */ = {isa = PBXFileReference; lastKnownFileType = sourcecode.swift; path = ChatRoomScreen.swift; sourceTree = "<group>"; };
		8B3561F92D44C65600A83E25 /* TextInputArea.swift */ = {isa = PBXFileReference; lastKnownFileType = sourcecode.swift; path = TextInputArea.swift; sourceTree = "<group>"; };
		8B3561FB2D44C76200A83E25 /* MessageListView.swift */ = {isa = PBXFileReference; lastKnownFileType = sourcecode.swift; path = MessageListView.swift; sourceTree = "<group>"; };
		8B3561FD2D44CA1000A83E25 /* MessageListController.swift */ = {isa = PBXFileReference; lastKnownFileType = sourcecode.swift; path = MessageListController.swift; sourceTree = "<group>"; };
		8B717BEB2D47411000D7C95F /* ChatPartnerPickerScreen.swift */ = {isa = PBXFileReference; lastKnownFileType = sourcecode.swift; path = ChatPartnerPickerScreen.swift; sourceTree = "<group>"; };
		8B717BED2D4744EA00D7C95F /* ChatPartnerRowView.swift */ = {isa = PBXFileReference; lastKnownFileType = sourcecode.swift; path = ChatPartnerRowView.swift; sourceTree = "<group>"; };
		8B717BF02D4746AB00D7C95F /* ChatPartnerPickerViewModel.swift */ = {isa = PBXFileReference; lastKnownFileType = sourcecode.swift; path = ChatPartnerPickerViewModel.swift; sourceTree = "<group>"; };
		8B717BF22D47D64600D7C95F /* AddGroupChatPartnersScreen.swift */ = {isa = PBXFileReference; lastKnownFileType = sourcecode.swift; path = AddGroupChatPartnersScreen.swift; sourceTree = "<group>"; };
		8B75DF462D42315D00C9842C /* CallsTabScreen.swift */ = {isa = PBXFileReference; lastKnownFileType = sourcecode.swift; path = CallsTabScreen.swift; sourceTree = "<group>"; };
		8BBBF9722D46117E00867751 /* RootScreen.swift */ = {isa = PBXFileReference; lastKnownFileType = sourcecode.swift; path = RootScreen.swift; sourceTree = "<group>"; };
		8BBBF9752D46119100867751 /* RootScreenModel.swift */ = {isa = PBXFileReference; lastKnownFileType = sourcecode.swift; path = RootScreenModel.swift; sourceTree = "<group>"; };
		8BBBF9782D4628F800867751 /* UserItem.swift */ = {isa = PBXFileReference; lastKnownFileType = sourcecode.swift; path = UserItem.swift; sourceTree = "<group>"; };
		8BBBF97B2D46293500867751 /* FirebaseConstants.swift */ = {isa = PBXFileReference; lastKnownFileType = sourcecode.swift; path = FirebaseConstants.swift; sourceTree = "<group>"; };
		8BF377D92D420DF1004B2E1D /* MainTabView.swift */ = {isa = PBXFileReference; lastKnownFileType = sourcecode.swift; path = MainTabView.swift; sourceTree = "<group>"; };
		8BFA763C2D42199500B4FB50 /* UpdatesTabScreen.swift */ = {isa = PBXFileReference; lastKnownFileType = sourcecode.swift; path = UpdatesTabScreen.swift; sourceTree = "<group>"; };
/* End PBXFileReference section */

/* Begin PBXFrameworksBuildPhase section */
		8B3150EA2CC38CD4005865E5 /* Frameworks */ = {
			isa = PBXFrameworksBuildPhase;
			buildActionMask = 2147483647;
			files = (
				8B06BEF82D44F149000E5229 /* FirebaseFirestoreCombine-Community in Frameworks */,
				8B06BF082D44F149000E5229 /* FirebaseStorageCombine-Community in Frameworks */,
				8B06BEFA2D44F149000E5229 /* FirebaseFunctions in Frameworks */,
				8B06BF022D44F149000E5229 /* FirebasePerformance in Frameworks */,
				8B06BEF22D44F149000E5229 /* FirebaseDatabase in Frameworks */,
				8B06BEF42D44F149000E5229 /* FirebaseDynamicLinks in Frameworks */,
				8B06BEE62D44F149000E5229 /* FirebaseAppCheck in Frameworks */,
				8B06BEEA2D44F149000E5229 /* FirebaseAuth in Frameworks */,
				8B06BEE02D44F149000E5229 /* FirebaseAnalytics in Frameworks */,
				8B06BEF62D44F149000E5229 /* FirebaseFirestore in Frameworks */,
				8B06BEFC2D44F149000E5229 /* FirebaseFunctionsCombine-Community in Frameworks */,
				8B06BF042D44F149000E5229 /* FirebaseRemoteConfig in Frameworks */,
				8B06BF002D44F149000E5229 /* FirebaseMessaging in Frameworks */,
				8B06BEE82D44F149000E5229 /* FirebaseAppDistribution-Beta in Frameworks */,
				8B06BF062D44F149000E5229 /* FirebaseStorage in Frameworks */,
				8B06BEE42D44F149000E5229 /* FirebaseAnalyticsWithoutAdIdSupport in Frameworks */,
				8B06BEFE2D44F149000E5229 /* FirebaseInAppMessaging-Beta in Frameworks */,
				8B06BEEC2D44F149000E5229 /* FirebaseAuthCombine-Community in Frameworks */,
				8B06BEF02D44F149000E5229 /* FirebaseCrashlytics in Frameworks */,
				8B06BEEE2D44F149000E5229 /* FirebaseCore in Frameworks */,
				8B06BEE22D44F149000E5229 /* FirebaseAnalyticsOnDeviceConversion in Frameworks */,
			);
			runOnlyForDeploymentPostprocessing = 0;
		};
/* End PBXFrameworksBuildPhase section */

/* Begin PBXGroup section */
		8B06BED02D44D74E000E5229 /* Models */ = {
			isa = PBXGroup;
			children = (
				8B06BED12D44D760000E5229 /* MessageItem.swift */,
			);
			path = Models;
			sourceTree = "<group>";
		};
		8B06BED72D44DA55000E5229 /* Helpers */ = {
			isa = PBXGroup;
			children = (
				8B06BED82D44DAB3000E5229 /* CustomModifier.swift */,
			);
			path = Helpers;
			sourceTree = "<group>";
		};
		8B06BF0B2D44FB03000E5229 /* Auth */ = {
			isa = PBXGroup;
			children = (
				8BBBF9772D4628EC00867751 /* Models */,
				8B0734D12D453A72008B9A2C /* Services */,
				8B06BF172D44FEFA000E5229 /* ViewModels */,
				8B06BF0C2D44FB12000E5229 /* Views */,
			);
			path = Auth;
			sourceTree = "<group>";
		};
		8B06BF0C2D44FB12000E5229 /* Views */ = {
			isa = PBXGroup;
			children = (
				8B06BF0D2D44FB1E000E5229 /* LoginScreen.swift */,
				8B06BF0F2D44FB50000E5229 /* AuthHeaderView.swift */,
				8B06BF112D44FBDE000E5229 /* AuthTextField.swift */,
				8B06BF132D44FBF3000E5229 /* AuthButton.swift */,
				8B06BF152D44FE48000E5229 /* SignUpScreen.swift */,
			);
			path = Views;
			sourceTree = "<group>";
		};
		8B06BF172D44FEFA000E5229 /* ViewModels */ = {
			isa = PBXGroup;
			children = (
				8B06BF182D44FF1A000E5229 /* AuthScreenModel.swift */,
			);
			path = ViewModels;
			sourceTree = "<group>";
		};
		8B0734D12D453A72008B9A2C /* Services */ = {
			isa = PBXGroup;
			children = (
				8B0734D22D453AC7008B9A2C /* AuthProvider.swift */,
			);
			path = Services;
			sourceTree = "<group>";
		};
		8B3150E42CC38CD4005865E5 = {
			isa = PBXGroup;
			children = (
				8B3150EF2CC38CD4005865E5 /* WhatSappClone */,
				8B3150EE2CC38CD4005865E5 /* Products */,
			);
			sourceTree = "<group>";
		};
		8B3150EE2CC38CD4005865E5 /* Products */ = {
			isa = PBXGroup;
			children = (
				8B3150ED2CC38CD4005865E5 /* WhatSappClone.app */,
			);
			name = Products;
			sourceTree = "<group>";
		};
		8B3150EF2CC38CD4005865E5 /* WhatSappClone */ = {
			isa = PBXGroup;
			children = (
				8BBBF97A2D46292500867751 /* Utils */,
				8B06BED72D44DA55000E5229 /* Helpers */,
				8B3561DF2D434D0E00A83E25 /* Screens */,
				8B486D8C2CC5471200185154 /* Module */,
				8B486D8B2CC5470600185154 /* Core */,
				8B486D8A2CC546FC00185154 /* Components */,
				8B3150F02CC38CD4005865E5 /* WhatSappCloneApp.swift */,
				8BF377D92D420DF1004B2E1D /* MainTabView.swift */,
				8B3150F22CC38CD4005865E5 /* ContentView.swift */,
				8B06BF092D44F1A9000E5229 /* GoogleService-Info.plist */,
				8B3150F42CC38CD6005865E5 /* Assets.xcassets */,
				8B3150F62CC38CD6005865E5 /* WhatSappClone.entitlements */,
				8B3150F72CC38CD6005865E5 /* Preview Content */,
			);
			path = WhatSappClone;
			sourceTree = "<group>";
		};
		8B3150F72CC38CD6005865E5 /* Preview Content */ = {
			isa = PBXGroup;
			children = (
				8B3150F82CC38CD6005865E5 /* Preview Assets.xcassets */,
			);
			path = "Preview Content";
			sourceTree = "<group>";
		};
		8B3561DF2D434D0E00A83E25 /* Screens */ = {
			isa = PBXGroup;
			children = (
				8BBBF9702D46116700867751 /* Root */,
				8B06BF0B2D44FB03000E5229 /* Auth */,
				8B3561F52D44C4AC00A83E25 /* Chat */,
				8B3561E42D434EED00A83E25 /* Settings */,
				8B3561E32D434EE800A83E25 /* Channel */,
				8B3561E22D434ED100A83E25 /* Communitity */,
				8B3561E12D434D1E00A83E25 /* Calls */,
				8B3561E02D434D1800A83E25 /* Updates */,
			);
			path = Screens;
			sourceTree = "<group>";
		};
		8B3561E02D434D1800A83E25 /* Updates */ = {
			isa = PBXGroup;
			children = (
				8BFA763C2D42199500B4FB50 /* UpdatesTabScreen.swift */,
			);
			path = Updates;
			sourceTree = "<group>";
		};
		8B3561E12D434D1E00A83E25 /* Calls */ = {
			isa = PBXGroup;
			children = (
				8B75DF462D42315D00C9842C /* CallsTabScreen.swift */,
			);
			path = Calls;
			sourceTree = "<group>";
		};
		8B3561E22D434ED100A83E25 /* Communitity */ = {
			isa = PBXGroup;
			children = (
				8B3561E52D43545C00A83E25 /* Views */,
			);
			path = Communitity;
			sourceTree = "<group>";
		};
		8B3561E32D434EE800A83E25 /* Channel */ = {
			isa = PBXGroup;
			children = (
				8B717BEF2D47468D00D7C95F /* ViewModel */,
				8B3561E82D43679200A83E25 /* Views */,
			);
			path = Channel;
			sourceTree = "<group>";
		};
		8B3561E42D434EED00A83E25 /* Settings */ = {
			isa = PBXGroup;
			children = (
				8B3561F22D44BD1B00A83E25 /* Models */,
				8B3561ED2D44ADDE00A83E25 /* View */,
			);
			path = Settings;
			sourceTree = "<group>";
		};
		8B3561E52D43545C00A83E25 /* Views */ = {
			isa = PBXGroup;
			children = (
				8B3561E62D43547400A83E25 /* CommunityTabScreen.swift */,
			);
			path = Views;
			sourceTree = "<group>";
		};
		8B3561E82D43679200A83E25 /* Views */ = {
			isa = PBXGroup;
			children = (
				8B3561E92D4367A200A83E25 /* ChannelTabScreen.swift */,
				8B3561EB2D44A39400A83E25 /* ChannelItemView.swift */,
				8B717BEB2D47411000D7C95F /* ChatPartnerPickerScreen.swift */,
				8B717BED2D4744EA00D7C95F /* ChatPartnerRowView.swift */,
				8B717BF22D47D64600D7C95F /* AddGroupChatPartnersScreen.swift */,
			);
			path = Views;
			sourceTree = "<group>";
		};
		8B3561ED2D44ADDE00A83E25 /* View */ = {
			isa = PBXGroup;
			children = (
				8B3561EE2D44ADF500A83E25 /* SettingsTabScreen.swift */,
				8B3561F02D44BC3400A83E25 /* SettingsItemView.swift */,
			);
			path = View;
			sourceTree = "<group>";
		};
		8B3561F22D44BD1B00A83E25 /* Models */ = {
			isa = PBXGroup;
			children = (
				8B3561F32D44BD3200A83E25 /* SettingsItem.swift */,
			);
			path = Models;
			sourceTree = "<group>";
		};
		8B3561F52D44C4AC00A83E25 /* Chat */ = {
			isa = PBXGroup;
			children = (
				8B06BED02D44D74E000E5229 /* Models */,
				8B3561F62D44C4B200A83E25 /* Views */,
			);
			path = Chat;
			sourceTree = "<group>";
		};
		8B3561F62D44C4B200A83E25 /* Views */ = {
			isa = PBXGroup;
			children = (
				8B3561F72D44C4C600A83E25 /* ChatRoomScreen.swift */,
				8B3561F92D44C65600A83E25 /* TextInputArea.swift */,
				8B3561FB2D44C76200A83E25 /* MessageListView.swift */,
				8B3561FD2D44CA1000A83E25 /* MessageListController.swift */,
				8B06BED32D44D8CD000E5229 /* BubbleTextView.swift */,
				8B06BED52D44D9B2000E5229 /* BubbleTailView.swift */,
				8B06BEDA2D44E53E000E5229 /* BubbleImageView.swift */,
				8B06BEDC2D44EA38000E5229 /* BubbdleAudioView.swift */,
			);
			path = Views;
			sourceTree = "<group>";
		};
		8B486D8A2CC546FC00185154 /* Components */ = {
			isa = PBXGroup;
			children = (
			);
			path = Components;
			sourceTree = "<group>";
		};
		8B486D8B2CC5470600185154 /* Core */ = {
			isa = PBXGroup;
			children = (
			);
			path = Core;
			sourceTree = "<group>";
		};
		8B486D8C2CC5471200185154 /* Module */ = {
			isa = PBXGroup;
			children = (
			);
			path = Module;
			sourceTree = "<group>";
		};
		8B717BEF2D47468D00D7C95F /* ViewModel */ = {
			isa = PBXGroup;
			children = (
				8B717BF02D4746AB00D7C95F /* ChatPartnerPickerViewModel.swift */,
			);
			path = ViewModel;
			sourceTree = "<group>";
		};
		8BBBF9702D46116700867751 /* Root */ = {
			isa = PBXGroup;
			children = (
				8BBBF9742D46118200867751 /* ViewModel */,
				8BBBF9712D46116D00867751 /* Views */,
			);
			path = Root;
			sourceTree = "<group>";
		};
		8BBBF9712D46116D00867751 /* Views */ = {
			isa = PBXGroup;
			children = (
				8BBBF9722D46117E00867751 /* RootScreen.swift */,
			);
			path = Views;
			sourceTree = "<group>";
		};
		8BBBF9742D46118200867751 /* ViewModel */ = {
			isa = PBXGroup;
			children = (
				8BBBF9752D46119100867751 /* RootScreenModel.swift */,
			);
			path = ViewModel;
			sourceTree = "<group>";
		};
		8BBBF9772D4628EC00867751 /* Models */ = {
			isa = PBXGroup;
			children = (
				8BBBF9782D4628F800867751 /* UserItem.swift */,
			);
			path = Models;
			sourceTree = "<group>";
		};
		8BBBF97A2D46292500867751 /* Utils */ = {
			isa = PBXGroup;
			children = (
				8BBBF97B2D46293500867751 /* FirebaseConstants.swift */,
			);
			path = Utils;
			sourceTree = "<group>";
		};
/* End PBXGroup section */

/* Begin PBXNativeTarget section */
		8B3150EC2CC38CD4005865E5 /* WhatSappClone */ = {
			isa = PBXNativeTarget;
			buildConfigurationList = 8B3150FC2CC38CD6005865E5 /* Build configuration list for PBXNativeTarget "WhatSappClone" */;
			buildPhases = (
				8B3150E92CC38CD4005865E5 /* Sources */,
				8B3150EA2CC38CD4005865E5 /* Frameworks */,
				8B3150EB2CC38CD4005865E5 /* Resources */,
			);
			buildRules = (
			);
			dependencies = (
			);
			name = WhatSappClone;
			productName = WhatSappClone;
			productReference = 8B3150ED2CC38CD4005865E5 /* WhatSappClone.app */;
			productType = "com.apple.product-type.application";
		};
/* End PBXNativeTarget section */

/* Begin PBXProject section */
		8B3150E52CC38CD4005865E5 /* Project object */ = {
			isa = PBXProject;
			attributes = {
				BuildIndependentTargetsInParallel = 1;
				LastSwiftUpdateCheck = 1540;
				LastUpgradeCheck = 1540;
				TargetAttributes = {
					8B3150EC2CC38CD4005865E5 = {
						CreatedOnToolsVersion = 15.4;
					};
				};
			};
			buildConfigurationList = 8B3150E82CC38CD4005865E5 /* Build configuration list for PBXProject "WhatSappClone" */;
			compatibilityVersion = "Xcode 14.0";
			developmentRegion = en;
			hasScannedForEncodings = 0;
			knownRegions = (
				en,
				Base,
			);
			mainGroup = 8B3150E42CC38CD4005865E5;
			packageReferences = (
				8B06BEDE2D44EFB3000E5229 /* XCRemoteSwiftPackageReference "firebase-ios-sdk" */,
			);
			productRefGroup = 8B3150EE2CC38CD4005865E5 /* Products */;
			projectDirPath = "";
			projectRoot = "";
			targets = (
				8B3150EC2CC38CD4005865E5 /* WhatSappClone */,
			);
		};
/* End PBXProject section */

/* Begin PBXResourcesBuildPhase section */
		8B3150EB2CC38CD4005865E5 /* Resources */ = {
			isa = PBXResourcesBuildPhase;
			buildActionMask = 2147483647;
			files = (
				8B3150F92CC38CD6005865E5 /* Preview Assets.xcassets in Resources */,
				8B3150F52CC38CD6005865E5 /* Assets.xcassets in Resources */,
				8B06BF0A2D44F1A9000E5229 /* GoogleService-Info.plist in Resources */,
			);
			runOnlyForDeploymentPostprocessing = 0;
		};
/* End PBXResourcesBuildPhase section */

/* Begin PBXSourcesBuildPhase section */
		8B3150E92CC38CD4005865E5 /* Sources */ = {
			isa = PBXSourcesBuildPhase;
			buildActionMask = 2147483647;
			files = (
				8BBBF9732D46117E00867751 /* RootScreen.swift in Sources */,
				8B06BED22D44D760000E5229 /* MessageItem.swift in Sources */,
				8B3561F82D44C4C600A83E25 /* ChatRoomScreen.swift in Sources */,
				8B06BEDD2D44EA38000E5229 /* BubbdleAudioView.swift in Sources */,
				8B06BED62D44D9B2000E5229 /* BubbleTailView.swift in Sources */,
				8B3561EA2D4367A200A83E25 /* ChannelTabScreen.swift in Sources */,
				8BBBF9792D4628F800867751 /* UserItem.swift in Sources */,
				8B3561FA2D44C65600A83E25 /* TextInputArea.swift in Sources */,
				8B3150F32CC38CD4005865E5 /* ContentView.swift in Sources */,
				8B06BEDB2D44E53E000E5229 /* BubbleImageView.swift in Sources */,
				8B3150F12CC38CD4005865E5 /* WhatSappCloneApp.swift in Sources */,
				8B06BF122D44FBDE000E5229 /* AuthTextField.swift in Sources */,
				8BBBF9762D46119100867751 /* RootScreenModel.swift in Sources */,
				8B717BF12D4746AB00D7C95F /* ChatPartnerPickerViewModel.swift in Sources */,
				8B06BF0E2D44FB1E000E5229 /* LoginScreen.swift in Sources */,
				8B06BF142D44FBF3000E5229 /* AuthButton.swift in Sources */,
				8B06BED42D44D8CD000E5229 /* BubbleTextView.swift in Sources */,
				8BBBF97C2D46293500867751 /* FirebaseConstants.swift in Sources */,
				8B06BF162D44FE48000E5229 /* SignUpScreen.swift in Sources */,
				8B3561F42D44BD3200A83E25 /* SettingsItem.swift in Sources */,
				8B717BEC2D47411000D7C95F /* ChatPartnerPickerScreen.swift in Sources */,
				8B3561EC2D44A39400A83E25 /* ChannelItemView.swift in Sources */,
				8BFA763D2D42199500B4FB50 /* UpdatesTabScreen.swift in Sources */,
				8B06BF192D44FF1A000E5229 /* AuthScreenModel.swift in Sources */,
				8B0734D32D453AC7008B9A2C /* AuthProvider.swift in Sources */,
				8B717BEE2D4744EA00D7C95F /* ChatPartnerRowView.swift in Sources */,
				8B3561FC2D44C76200A83E25 /* MessageListView.swift in Sources */,
				8B3561E72D43547400A83E25 /* CommunityTabScreen.swift in Sources */,
				8B717BF32D47D64600D7C95F /* AddGroupChatPartnersScreen.swift in Sources */,
				8B3561FE2D44CA1000A83E25 /* MessageListController.swift in Sources */,
				8B3561F12D44BC3400A83E25 /* SettingsItemView.swift in Sources */,
				8B75DF472D42315D00C9842C /* CallsTabScreen.swift in Sources */,
				8BF377DA2D420DF1004B2E1D /* MainTabView.swift in Sources */,
				8B06BF102D44FB50000E5229 /* AuthHeaderView.swift in Sources */,
				8B06BED92D44DAB3000E5229 /* CustomModifier.swift in Sources */,
				8B3561EF2D44ADF500A83E25 /* SettingsTabScreen.swift in Sources */,
			);
			runOnlyForDeploymentPostprocessing = 0;
		};
/* End PBXSourcesBuildPhase section */

/* Begin XCBuildConfiguration section */
		8B3150FA2CC38CD6005865E5 /* Debug */ = {
			isa = XCBuildConfiguration;
			buildSettings = {
				ALWAYS_SEARCH_USER_PATHS = NO;
				ASSETCATALOG_COMPILER_GENERATE_SWIFT_ASSET_SYMBOL_EXTENSIONS = YES;
				CLANG_ANALYZER_NONNULL = YES;
				CLANG_ANALYZER_NUMBER_OBJECT_CONVERSION = YES_AGGRESSIVE;
				CLANG_CXX_LANGUAGE_STANDARD = "gnu++20";
				CLANG_ENABLE_MODULES = YES;
				CLANG_ENABLE_OBJC_ARC = YES;
				CLANG_ENABLE_OBJC_WEAK = YES;
				CLANG_WARN_BLOCK_CAPTURE_AUTORELEASING = YES;
				CLANG_WARN_BOOL_CONVERSION = YES;
				CLANG_WARN_COMMA = YES;
				CLANG_WARN_CONSTANT_CONVERSION = YES;
				CLANG_WARN_DEPRECATED_OBJC_IMPLEMENTATIONS = YES;
				CLANG_WARN_DIRECT_OBJC_ISA_USAGE = YES_ERROR;
				CLANG_WARN_DOCUMENTATION_COMMENTS = YES;
				CLANG_WARN_EMPTY_BODY = YES;
				CLANG_WARN_ENUM_CONVERSION = YES;
				CLANG_WARN_INFINITE_RECURSION = YES;
				CLANG_WARN_INT_CONVERSION = YES;
				CLANG_WARN_NON_LITERAL_NULL_CONVERSION = YES;
				CLANG_WARN_OBJC_IMPLICIT_RETAIN_SELF = YES;
				CLANG_WARN_OBJC_LITERAL_CONVERSION = YES;
				CLANG_WARN_OBJC_ROOT_CLASS = YES_ERROR;
				CLANG_WARN_QUOTED_INCLUDE_IN_FRAMEWORK_HEADER = YES;
				CLANG_WARN_RANGE_LOOP_ANALYSIS = YES;
				CLANG_WARN_STRICT_PROTOTYPES = YES;
				CLANG_WARN_SUSPICIOUS_MOVE = YES;
				CLANG_WARN_UNGUARDED_AVAILABILITY = YES_AGGRESSIVE;
				CLANG_WARN_UNREACHABLE_CODE = YES;
				CLANG_WARN__DUPLICATE_METHOD_MATCH = YES;
				COPY_PHASE_STRIP = NO;
				DEBUG_INFORMATION_FORMAT = dwarf;
				ENABLE_STRICT_OBJC_MSGSEND = YES;
				ENABLE_TESTABILITY = YES;
				ENABLE_USER_SCRIPT_SANDBOXING = YES;
				GCC_C_LANGUAGE_STANDARD = gnu17;
				GCC_DYNAMIC_NO_PIC = NO;
				GCC_NO_COMMON_BLOCKS = YES;
				GCC_OPTIMIZATION_LEVEL = 0;
				GCC_PREPROCESSOR_DEFINITIONS = (
					"DEBUG=1",
					"$(inherited)",
				);
				GCC_WARN_64_TO_32_BIT_CONVERSION = YES;
				GCC_WARN_ABOUT_RETURN_TYPE = YES_ERROR;
				GCC_WARN_UNDECLARED_SELECTOR = YES;
				GCC_WARN_UNINITIALIZED_AUTOS = YES_AGGRESSIVE;
				GCC_WARN_UNUSED_FUNCTION = YES;
				GCC_WARN_UNUSED_VARIABLE = YES;
				LOCALIZATION_PREFERS_STRING_CATALOGS = YES;
				MTL_ENABLE_DEBUG_INFO = INCLUDE_SOURCE;
				MTL_FAST_MATH = YES;
				ONLY_ACTIVE_ARCH = YES;
				SWIFT_ACTIVE_COMPILATION_CONDITIONS = "DEBUG $(inherited)";
				SWIFT_OPTIMIZATION_LEVEL = "-Onone";
			};
			name = Debug;
		};
		8B3150FB2CC38CD6005865E5 /* Release */ = {
			isa = XCBuildConfiguration;
			buildSettings = {
				ALWAYS_SEARCH_USER_PATHS = NO;
				ASSETCATALOG_COMPILER_GENERATE_SWIFT_ASSET_SYMBOL_EXTENSIONS = YES;
				CLANG_ANALYZER_NONNULL = YES;
				CLANG_ANALYZER_NUMBER_OBJECT_CONVERSION = YES_AGGRESSIVE;
				CLANG_CXX_LANGUAGE_STANDARD = "gnu++20";
				CLANG_ENABLE_MODULES = YES;
				CLANG_ENABLE_OBJC_ARC = YES;
				CLANG_ENABLE_OBJC_WEAK = YES;
				CLANG_WARN_BLOCK_CAPTURE_AUTORELEASING = YES;
				CLANG_WARN_BOOL_CONVERSION = YES;
				CLANG_WARN_COMMA = YES;
				CLANG_WARN_CONSTANT_CONVERSION = YES;
				CLANG_WARN_DEPRECATED_OBJC_IMPLEMENTATIONS = YES;
				CLANG_WARN_DIRECT_OBJC_ISA_USAGE = YES_ERROR;
				CLANG_WARN_DOCUMENTATION_COMMENTS = YES;
				CLANG_WARN_EMPTY_BODY = YES;
				CLANG_WARN_ENUM_CONVERSION = YES;
				CLANG_WARN_INFINITE_RECURSION = YES;
				CLANG_WARN_INT_CONVERSION = YES;
				CLANG_WARN_NON_LITERAL_NULL_CONVERSION = YES;
				CLANG_WARN_OBJC_IMPLICIT_RETAIN_SELF = YES;
				CLANG_WARN_OBJC_LITERAL_CONVERSION = YES;
				CLANG_WARN_OBJC_ROOT_CLASS = YES_ERROR;
				CLANG_WARN_QUOTED_INCLUDE_IN_FRAMEWORK_HEADER = YES;
				CLANG_WARN_RANGE_LOOP_ANALYSIS = YES;
				CLANG_WARN_STRICT_PROTOTYPES = YES;
				CLANG_WARN_SUSPICIOUS_MOVE = YES;
				CLANG_WARN_UNGUARDED_AVAILABILITY = YES_AGGRESSIVE;
				CLANG_WARN_UNREACHABLE_CODE = YES;
				CLANG_WARN__DUPLICATE_METHOD_MATCH = YES;
				COPY_PHASE_STRIP = NO;
				DEBUG_INFORMATION_FORMAT = "dwarf-with-dsym";
				ENABLE_NS_ASSERTIONS = NO;
				ENABLE_STRICT_OBJC_MSGSEND = YES;
				ENABLE_USER_SCRIPT_SANDBOXING = YES;
				GCC_C_LANGUAGE_STANDARD = gnu17;
				GCC_NO_COMMON_BLOCKS = YES;
				GCC_WARN_64_TO_32_BIT_CONVERSION = YES;
				GCC_WARN_ABOUT_RETURN_TYPE = YES_ERROR;
				GCC_WARN_UNDECLARED_SELECTOR = YES;
				GCC_WARN_UNINITIALIZED_AUTOS = YES_AGGRESSIVE;
				GCC_WARN_UNUSED_FUNCTION = YES;
				GCC_WARN_UNUSED_VARIABLE = YES;
				LOCALIZATION_PREFERS_STRING_CATALOGS = YES;
				MTL_ENABLE_DEBUG_INFO = NO;
				MTL_FAST_MATH = YES;
				SWIFT_COMPILATION_MODE = wholemodule;
			};
			name = Release;
		};
		8B3150FD2CC38CD6005865E5 /* Debug */ = {
			isa = XCBuildConfiguration;
			buildSettings = {
				ASSETCATALOG_COMPILER_APPICON_NAME = AppIcon;
				ASSETCATALOG_COMPILER_GLOBAL_ACCENT_COLOR_NAME = AccentColor;
				CODE_SIGN_ENTITLEMENTS = WhatSappClone/WhatSappClone.entitlements;
				CODE_SIGN_STYLE = Automatic;
				CURRENT_PROJECT_VERSION = 1;
				DEVELOPMENT_ASSET_PATHS = "\"WhatSappClone/Preview Content\"";
				ENABLE_PREVIEWS = YES;
				GENERATE_INFOPLIST_FILE = YES;
				"INFOPLIST_KEY_UIApplicationSceneManifest_Generation[sdk=iphoneos*]" = YES;
				"INFOPLIST_KEY_UIApplicationSceneManifest_Generation[sdk=iphonesimulator*]" = YES;
				"INFOPLIST_KEY_UIApplicationSupportsIndirectInputEvents[sdk=iphoneos*]" = YES;
				"INFOPLIST_KEY_UIApplicationSupportsIndirectInputEvents[sdk=iphonesimulator*]" = YES;
				"INFOPLIST_KEY_UILaunchScreen_Generation[sdk=iphoneos*]" = YES;
				"INFOPLIST_KEY_UILaunchScreen_Generation[sdk=iphonesimulator*]" = YES;
				"INFOPLIST_KEY_UIStatusBarStyle[sdk=iphoneos*]" = UIStatusBarStyleDefault;
				"INFOPLIST_KEY_UIStatusBarStyle[sdk=iphonesimulator*]" = UIStatusBarStyleDefault;
				INFOPLIST_KEY_UISupportedInterfaceOrientations_iPad = "UIInterfaceOrientationPortrait UIInterfaceOrientationPortraitUpsideDown UIInterfaceOrientationLandscapeLeft UIInterfaceOrientationLandscapeRight";
				INFOPLIST_KEY_UISupportedInterfaceOrientations_iPhone = "UIInterfaceOrientationPortrait UIInterfaceOrientationLandscapeLeft UIInterfaceOrientationLandscapeRight";
				IPHONEOS_DEPLOYMENT_TARGET = 17.5;
				LD_RUNPATH_SEARCH_PATHS = "@executable_path/Frameworks";
				"LD_RUNPATH_SEARCH_PATHS[sdk=macosx*]" = "@executable_path/../Frameworks";
				MACOSX_DEPLOYMENT_TARGET = 14.4;
				MARKETING_VERSION = 1.0;
				PRODUCT_BUNDLE_IDENTIFIER = com.khanhnguyen.WhatSappClone;
				PRODUCT_NAME = "$(TARGET_NAME)";
				SDKROOT = auto;
				SUPPORTED_PLATFORMS = "iphoneos iphonesimulator macosx";
				SWIFT_EMIT_LOC_STRINGS = YES;
				SWIFT_VERSION = 5.0;
				TARGETED_DEVICE_FAMILY = "1,2";
			};
			name = Debug;
		};
		8B3150FE2CC38CD6005865E5 /* Release */ = {
			isa = XCBuildConfiguration;
			buildSettings = {
				ASSETCATALOG_COMPILER_APPICON_NAME = AppIcon;
				ASSETCATALOG_COMPILER_GLOBAL_ACCENT_COLOR_NAME = AccentColor;
				CODE_SIGN_ENTITLEMENTS = WhatSappClone/WhatSappClone.entitlements;
				CODE_SIGN_STYLE = Automatic;
				CURRENT_PROJECT_VERSION = 1;
				DEVELOPMENT_ASSET_PATHS = "\"WhatSappClone/Preview Content\"";
				ENABLE_PREVIEWS = YES;
				GENERATE_INFOPLIST_FILE = YES;
				"INFOPLIST_KEY_UIApplicationSceneManifest_Generation[sdk=iphoneos*]" = YES;
				"INFOPLIST_KEY_UIApplicationSceneManifest_Generation[sdk=iphonesimulator*]" = YES;
				"INFOPLIST_KEY_UIApplicationSupportsIndirectInputEvents[sdk=iphoneos*]" = YES;
				"INFOPLIST_KEY_UIApplicationSupportsIndirectInputEvents[sdk=iphonesimulator*]" = YES;
				"INFOPLIST_KEY_UILaunchScreen_Generation[sdk=iphoneos*]" = YES;
				"INFOPLIST_KEY_UILaunchScreen_Generation[sdk=iphonesimulator*]" = YES;
				"INFOPLIST_KEY_UIStatusBarStyle[sdk=iphoneos*]" = UIStatusBarStyleDefault;
				"INFOPLIST_KEY_UIStatusBarStyle[sdk=iphonesimulator*]" = UIStatusBarStyleDefault;
				INFOPLIST_KEY_UISupportedInterfaceOrientations_iPad = "UIInterfaceOrientationPortrait UIInterfaceOrientationPortraitUpsideDown UIInterfaceOrientationLandscapeLeft UIInterfaceOrientationLandscapeRight";
				INFOPLIST_KEY_UISupportedInterfaceOrientations_iPhone = "UIInterfaceOrientationPortrait UIInterfaceOrientationLandscapeLeft UIInterfaceOrientationLandscapeRight";
				IPHONEOS_DEPLOYMENT_TARGET = 17.5;
				LD_RUNPATH_SEARCH_PATHS = "@executable_path/Frameworks";
				"LD_RUNPATH_SEARCH_PATHS[sdk=macosx*]" = "@executable_path/../Frameworks";
				MACOSX_DEPLOYMENT_TARGET = 14.4;
				MARKETING_VERSION = 1.0;
				PRODUCT_BUNDLE_IDENTIFIER = com.khanhnguyen.WhatSappClone;
				PRODUCT_NAME = "$(TARGET_NAME)";
				SDKROOT = auto;
				SUPPORTED_PLATFORMS = "iphoneos iphonesimulator macosx";
				SWIFT_EMIT_LOC_STRINGS = YES;
				SWIFT_VERSION = 5.0;
				TARGETED_DEVICE_FAMILY = "1,2";
			};
			name = Release;
		};
/* End XCBuildConfiguration section */

/* Begin XCConfigurationList section */
		8B3150E82CC38CD4005865E5 /* Build configuration list for PBXProject "WhatSappClone" */ = {
			isa = XCConfigurationList;
			buildConfigurations = (
				8B3150FA2CC38CD6005865E5 /* Debug */,
				8B3150FB2CC38CD6005865E5 /* Release */,
			);
			defaultConfigurationIsVisible = 0;
			defaultConfigurationName = Release;
		};
		8B3150FC2CC38CD6005865E5 /* Build configuration list for PBXNativeTarget "WhatSappClone" */ = {
			isa = XCConfigurationList;
			buildConfigurations = (
				8B3150FD2CC38CD6005865E5 /* Debug */,
				8B3150FE2CC38CD6005865E5 /* Release */,
			);
			defaultConfigurationIsVisible = 0;
			defaultConfigurationName = Release;
		};
/* End XCConfigurationList section */

/* Begin XCRemoteSwiftPackageReference section */
		8B06BEDE2D44EFB3000E5229 /* XCRemoteSwiftPackageReference "firebase-ios-sdk" */ = {
			isa = XCRemoteSwiftPackageReference;
			repositoryURL = "https://github.com/firebase/firebase-ios-sdk";
			requirement = {
				kind = upToNextMajorVersion;
				minimumVersion = 11.7.0;
			};
		};
/* End XCRemoteSwiftPackageReference section */

/* Begin XCSwiftPackageProductDependency section */
		8B06BEDF2D44F149000E5229 /* FirebaseAnalytics */ = {
			isa = XCSwiftPackageProductDependency;
			package = 8B06BEDE2D44EFB3000E5229 /* XCRemoteSwiftPackageReference "firebase-ios-sdk" */;
			productName = FirebaseAnalytics;
		};
		8B06BEE12D44F149000E5229 /* FirebaseAnalyticsOnDeviceConversion */ = {
			isa = XCSwiftPackageProductDependency;
			package = 8B06BEDE2D44EFB3000E5229 /* XCRemoteSwiftPackageReference "firebase-ios-sdk" */;
			productName = FirebaseAnalyticsOnDeviceConversion;
		};
		8B06BEE32D44F149000E5229 /* FirebaseAnalyticsWithoutAdIdSupport */ = {
			isa = XCSwiftPackageProductDependency;
			package = 8B06BEDE2D44EFB3000E5229 /* XCRemoteSwiftPackageReference "firebase-ios-sdk" */;
			productName = FirebaseAnalyticsWithoutAdIdSupport;
		};
		8B06BEE52D44F149000E5229 /* FirebaseAppCheck */ = {
			isa = XCSwiftPackageProductDependency;
			package = 8B06BEDE2D44EFB3000E5229 /* XCRemoteSwiftPackageReference "firebase-ios-sdk" */;
			productName = FirebaseAppCheck;
		};
		8B06BEE72D44F149000E5229 /* FirebaseAppDistribution-Beta */ = {
			isa = XCSwiftPackageProductDependency;
			package = 8B06BEDE2D44EFB3000E5229 /* XCRemoteSwiftPackageReference "firebase-ios-sdk" */;
			productName = "FirebaseAppDistribution-Beta";
		};
		8B06BEE92D44F149000E5229 /* FirebaseAuth */ = {
			isa = XCSwiftPackageProductDependency;
			package = 8B06BEDE2D44EFB3000E5229 /* XCRemoteSwiftPackageReference "firebase-ios-sdk" */;
			productName = FirebaseAuth;
		};
		8B06BEEB2D44F149000E5229 /* FirebaseAuthCombine-Community */ = {
			isa = XCSwiftPackageProductDependency;
			package = 8B06BEDE2D44EFB3000E5229 /* XCRemoteSwiftPackageReference "firebase-ios-sdk" */;
			productName = "FirebaseAuthCombine-Community";
		};
		8B06BEED2D44F149000E5229 /* FirebaseCore */ = {
			isa = XCSwiftPackageProductDependency;
			package = 8B06BEDE2D44EFB3000E5229 /* XCRemoteSwiftPackageReference "firebase-ios-sdk" */;
			productName = FirebaseCore;
		};
		8B06BEEF2D44F149000E5229 /* FirebaseCrashlytics */ = {
			isa = XCSwiftPackageProductDependency;
			package = 8B06BEDE2D44EFB3000E5229 /* XCRemoteSwiftPackageReference "firebase-ios-sdk" */;
			productName = FirebaseCrashlytics;
		};
		8B06BEF12D44F149000E5229 /* FirebaseDatabase */ = {
			isa = XCSwiftPackageProductDependency;
			package = 8B06BEDE2D44EFB3000E5229 /* XCRemoteSwiftPackageReference "firebase-ios-sdk" */;
			productName = FirebaseDatabase;
		};
		8B06BEF32D44F149000E5229 /* FirebaseDynamicLinks */ = {
			isa = XCSwiftPackageProductDependency;
			package = 8B06BEDE2D44EFB3000E5229 /* XCRemoteSwiftPackageReference "firebase-ios-sdk" */;
			productName = FirebaseDynamicLinks;
		};
		8B06BEF52D44F149000E5229 /* FirebaseFirestore */ = {
			isa = XCSwiftPackageProductDependency;
			package = 8B06BEDE2D44EFB3000E5229 /* XCRemoteSwiftPackageReference "firebase-ios-sdk" */;
			productName = FirebaseFirestore;
		};
		8B06BEF72D44F149000E5229 /* FirebaseFirestoreCombine-Community */ = {
			isa = XCSwiftPackageProductDependency;
			package = 8B06BEDE2D44EFB3000E5229 /* XCRemoteSwiftPackageReference "firebase-ios-sdk" */;
			productName = "FirebaseFirestoreCombine-Community";
		};
		8B06BEF92D44F149000E5229 /* FirebaseFunctions */ = {
			isa = XCSwiftPackageProductDependency;
			package = 8B06BEDE2D44EFB3000E5229 /* XCRemoteSwiftPackageReference "firebase-ios-sdk" */;
			productName = FirebaseFunctions;
		};
		8B06BEFB2D44F149000E5229 /* FirebaseFunctionsCombine-Community */ = {
			isa = XCSwiftPackageProductDependency;
			package = 8B06BEDE2D44EFB3000E5229 /* XCRemoteSwiftPackageReference "firebase-ios-sdk" */;
			productName = "FirebaseFunctionsCombine-Community";
		};
		8B06BEFD2D44F149000E5229 /* FirebaseInAppMessaging-Beta */ = {
			isa = XCSwiftPackageProductDependency;
			package = 8B06BEDE2D44EFB3000E5229 /* XCRemoteSwiftPackageReference "firebase-ios-sdk" */;
			productName = "FirebaseInAppMessaging-Beta";
		};
		8B06BEFF2D44F149000E5229 /* FirebaseMessaging */ = {
			isa = XCSwiftPackageProductDependency;
			package = 8B06BEDE2D44EFB3000E5229 /* XCRemoteSwiftPackageReference "firebase-ios-sdk" */;
			productName = FirebaseMessaging;
		};
		8B06BF012D44F149000E5229 /* FirebasePerformance */ = {
			isa = XCSwiftPackageProductDependency;
			package = 8B06BEDE2D44EFB3000E5229 /* XCRemoteSwiftPackageReference "firebase-ios-sdk" */;
			productName = FirebasePerformance;
		};
		8B06BF032D44F149000E5229 /* FirebaseRemoteConfig */ = {
			isa = XCSwiftPackageProductDependency;
			package = 8B06BEDE2D44EFB3000E5229 /* XCRemoteSwiftPackageReference "firebase-ios-sdk" */;
			productName = FirebaseRemoteConfig;
		};
		8B06BF052D44F149000E5229 /* FirebaseStorage */ = {
			isa = XCSwiftPackageProductDependency;
			package = 8B06BEDE2D44EFB3000E5229 /* XCRemoteSwiftPackageReference "firebase-ios-sdk" */;
			productName = FirebaseStorage;
		};
		8B06BF072D44F149000E5229 /* FirebaseStorageCombine-Community */ = {
			isa = XCSwiftPackageProductDependency;
			package = 8B06BEDE2D44EFB3000E5229 /* XCRemoteSwiftPackageReference "firebase-ios-sdk" */;
			productName = "FirebaseStorageCombine-Community";
		};
/* End XCSwiftPackageProductDependency section */
	};
	rootObject = 8B3150E52CC38CD4005865E5 /* Project object */;
}
