// !$*UTF8*$!
{
	archiveVersion = 1;
	classes = {
	};
	objectVersion = 56;
	objects = {

/* Begin PBXBuildFile section */
		8B3150F12CC38CD4005865E5 /* WhatSappCloneApp.swift in Sources */ = {isa = PBXBuildFile; fileRef = 8B3150F02CC38CD4005865E5 /* WhatSappCloneApp.swift */; };
		8B3150F32CC38CD4005865E5 /* ContentView.swift in Sources */ = {isa = PBXBuildFile; fileRef = 8B3150F22CC38CD4005865E5 /* ContentView.swift */; };
		8B3150F52CC38CD6005865E5 /* Assets.xcassets in Resources */ = {isa = PBXBuildFile; fileRef = 8B3150F42CC38CD6005865E5 /* Assets.xcassets */; };
		8B3150F92CC38CD6005865E5 /* Preview Assets.xcassets in Resources */ = {isa = PBXBuildFile; fileRef = 8B3150F82CC38CD6005865E5 /* Preview Assets.xcassets */; };
		8B3561E72D43547400A83E25 /* CommunityTabScreen.swift in Sources */ = {isa = PBXBuildFile; fileRef = 8B3561E62D43547400A83E25 /* CommunityTabScreen.swift */; };
		8B3561EA2D4367A200A83E25 /* ChannelTabScreen.swift in Sources */ = {isa = PBXBuildFile; fileRef = 8B3561E92D4367A200A83E25 /* ChannelTabScreen.swift */; };
		8B3561EC2D44A39400A83E25 /* ChannelItemView.swift in Sources */ = {isa = PBXBuildFile; fileRef = 8B3561EB2D44A39400A83E25 /* ChannelItemView.swift */; };
		8B75DF472D42315D00C9842C /* CallsTabScreen.swift in Sources */ = {isa = PBXBuildFile; fileRef = 8B75DF462D42315D00C9842C /* CallsTabScreen.swift */; };
		8BF377DA2D420DF1004B2E1D /* MainTabView.swift in Sources */ = {isa = PBXBuildFile; fileRef = 8BF377D92D420DF1004B2E1D /* MainTabView.swift */; };
		8BFA763D2D42199500B4FB50 /* UpdatesTabScreen.swift in Sources */ = {isa = PBXBuildFile; fileRef = 8BFA763C2D42199500B4FB50 /* UpdatesTabScreen.swift */; };
/* End PBXBuildFile section */

/* Begin PBXFileReference section */
		8B3150ED2CC38CD4005865E5 /* WhatSappClone.app */ = {isa = PBXFileReference; explicitFileType = wrapper.application; includeInIndex = 0; path = WhatSappClone.app; sourceTree = BUILT_PRODUCTS_DIR; };
		8B3150F02CC38CD4005865E5 /* WhatSappCloneApp.swift */ = {isa = PBXFileReference; lastKnownFileType = sourcecode.swift; path = WhatSappCloneApp.swift; sourceTree = "<group>"; };
		8B3150F22CC38CD4005865E5 /* ContentView.swift */ = {isa = PBXFileReference; lastKnownFileType = sourcecode.swift; path = ContentView.swift; sourceTree = "<group>"; };
		8B3150F42CC38CD6005865E5 /* Assets.xcassets */ = {isa = PBXFileReference; lastKnownFileType = folder.assetcatalog; path = Assets.xcassets; sourceTree = "<group>"; };
		8B3150F62CC38CD6005865E5 /* WhatSappClone.entitlements */ = {isa = PBXFileReference; lastKnownFileType = text.plist.entitlements; path = WhatSappClone.entitlements; sourceTree = "<group>"; };
		8B3150F82CC38CD6005865E5 /* Preview Assets.xcassets */ = {isa = PBXFileReference; lastKnownFileType = folder.assetcatalog; path = "Preview Assets.xcassets"; sourceTree = "<group>"; };
		8B3561E62D43547400A83E25 /* CommunityTabScreen.swift */ = {isa = PBXFileReference; lastKnownFileType = sourcecode.swift; path = CommunityTabScreen.swift; sourceTree = "<group>"; };
		8B3561E92D4367A200A83E25 /* ChannelTabScreen.swift */ = {isa = PBXFileReference; lastKnownFileType = sourcecode.swift; path = ChannelTabScreen.swift; sourceTree = "<group>"; };
		8B3561EB2D44A39400A83E25 /* ChannelItemView.swift */ = {isa = PBXFileReference; lastKnownFileType = sourcecode.swift; path = ChannelItemView.swift; sourceTree = "<group>"; };
		8B75DF462D42315D00C9842C /* CallsTabScreen.swift */ = {isa = PBXFileReference; lastKnownFileType = sourcecode.swift; path = CallsTabScreen.swift; sourceTree = "<group>"; };
		8BF377D92D420DF1004B2E1D /* MainTabView.swift */ = {isa = PBXFileReference; lastKnownFileType = sourcecode.swift; path = MainTabView.swift; sourceTree = "<group>"; };
		8BFA763C2D42199500B4FB50 /* UpdatesTabScreen.swift */ = {isa = PBXFileReference; lastKnownFileType = sourcecode.swift; path = UpdatesTabScreen.swift; sourceTree = "<group>"; };
/* End PBXFileReference section */

/* Begin PBXFrameworksBuildPhase section */
		8B3150EA2CC38CD4005865E5 /* Frameworks */ = {
			isa = PBXFrameworksBuildPhase;
			buildActionMask = 2147483647;
			files = (
			);
			runOnlyForDeploymentPostprocessing = 0;
		};
/* End PBXFrameworksBuildPhase section */

/* Begin PBXGroup section */
		8B3150E42CC38CD4005865E5 = {
			isa = PBXGroup;
			children = (
				8B3150EF2CC38CD4005865E5 /* WhatSappClone */,
				8B3150EE2CC38CD4005865E5 /* Products */,
			);
			sourceTree = "<group>";
		};
		8B3150EE2CC38CD4005865E5 /* Products */ = {
			isa = PBXGroup;
			children = (
				8B3150ED2CC38CD4005865E5 /* WhatSappClone.app */,
			);
			name = Products;
			sourceTree = "<group>";
		};
		8B3150EF2CC38CD4005865E5 /* WhatSappClone */ = {
			isa = PBXGroup;
			children = (
				8B3561DF2D434D0E00A83E25 /* Screens */,
				8B486D8C2CC5471200185154 /* Module */,
				8B486D8B2CC5470600185154 /* Core */,
				8B486D8A2CC546FC00185154 /* Components */,
				8B3150F02CC38CD4005865E5 /* WhatSappCloneApp.swift */,
				8BF377D92D420DF1004B2E1D /* MainTabView.swift */,
				8B3150F22CC38CD4005865E5 /* ContentView.swift */,
				8B3150F42CC38CD6005865E5 /* Assets.xcassets */,
				8B3150F62CC38CD6005865E5 /* WhatSappClone.entitlements */,
				8B3150F72CC38CD6005865E5 /* Preview Content */,
			);
			path = WhatSappClone;
			sourceTree = "<group>";
		};
		8B3150F72CC38CD6005865E5 /* Preview Content */ = {
			isa = PBXGroup;
			children = (
				8B3150F82CC38CD6005865E5 /* Preview Assets.xcassets */,
			);
			path = "Preview Content";
			sourceTree = "<group>";
		};
		8B3561DF2D434D0E00A83E25 /* Screens */ = {
			isa = PBXGroup;
			children = (
				8B3561E42D434EED00A83E25 /* Settings */,
				8B3561E32D434EE800A83E25 /* Channel */,
				8B3561E22D434ED100A83E25 /* Communitity */,
				8B3561E12D434D1E00A83E25 /* Calls */,
				8B3561E02D434D1800A83E25 /* Updates */,
			);
			path = Screens;
			sourceTree = "<group>";
		};
		8B3561E02D434D1800A83E25 /* Updates */ = {
			isa = PBXGroup;
			children = (
				8BFA763C2D42199500B4FB50 /* UpdatesTabScreen.swift */,
			);
			path = Updates;
			sourceTree = "<group>";
		};
		8B3561E12D434D1E00A83E25 /* Calls */ = {
			isa = PBXGroup;
			children = (
				8B75DF462D42315D00C9842C /* CallsTabScreen.swift */,
			);
			path = Calls;
			sourceTree = "<group>";
		};
		8B3561E22D434ED100A83E25 /* Communitity */ = {
			isa = PBXGroup;
			children = (
				8B3561E52D43545C00A83E25 /* Views */,
			);
			path = Communitity;
			sourceTree = "<group>";
		};
		8B3561E32D434EE800A83E25 /* Channel */ = {
			isa = PBXGroup;
			children = (
				8B3561E82D43679200A83E25 /* Views */,
			);
			path = Channel;
			sourceTree = "<group>";
		};
		8B3561E42D434EED00A83E25 /* Settings */ = {
			isa = PBXGroup;
			children = (
			);
			path = Settings;
			sourceTree = "<group>";
		};
		8B3561E52D43545C00A83E25 /* Views */ = {
			isa = PBXGroup;
			children = (
				8B3561E62D43547400A83E25 /* CommunityTabScreen.swift */,
			);
			path = Views;
			sourceTree = "<group>";
		};
		8B3561E82D43679200A83E25 /* Views */ = {
			isa = PBXGroup;
			children = (
				8B3561E92D4367A200A83E25 /* ChannelTabScreen.swift */,
				8B3561EB2D44A39400A83E25 /* ChannelItemView.swift */,
			);
			path = Views;
			sourceTree = "<group>";
		};
		8B486D8A2CC546FC00185154 /* Components */ = {
			isa = PBXGroup;
			children = (
			);
			path = Components;
			sourceTree = "<group>";
		};
		8B486D8B2CC5470600185154 /* Core */ = {
			isa = PBXGroup;
			children = (
			);
			path = Core;
			sourceTree = "<group>";
		};
		8B486D8C2CC5471200185154 /* Module */ = {
			isa = PBXGroup;
			children = (
			);
			path = Module;
			sourceTree = "<group>";
		};
/* End PBXGroup section */

/* Begin PBXNativeTarget section */
		8B3150EC2CC38CD4005865E5 /* WhatSappClone */ = {
			isa = PBXNativeTarget;
			buildConfigurationList = 8B3150FC2CC38CD6005865E5 /* Build configuration list for PBXNativeTarget "WhatSappClone" */;
			buildPhases = (
				8B3150E92CC38CD4005865E5 /* Sources */,
				8B3150EA2CC38CD4005865E5 /* Frameworks */,
				8B3150EB2CC38CD4005865E5 /* Resources */,
			);
			buildRules = (
			);
			dependencies = (
			);
			name = WhatSappClone;
			productName = WhatSappClone;
			productReference = 8B3150ED2CC38CD4005865E5 /* WhatSappClone.app */;
			productType = "com.apple.product-type.application";
		};
/* End PBXNativeTarget section */

/* Begin PBXProject section */
		8B3150E52CC38CD4005865E5 /* Project object */ = {
			isa = PBXProject;
			attributes = {
				BuildIndependentTargetsInParallel = 1;
				LastSwiftUpdateCheck = 1540;
				LastUpgradeCheck = 1540;
				TargetAttributes = {
					8B3150EC2CC38CD4005865E5 = {
						CreatedOnToolsVersion = 15.4;
					};
				};
			};
			buildConfigurationList = 8B3150E82CC38CD4005865E5 /* Build configuration list for PBXProject "WhatSappClone" */;
			compatibilityVersion = "Xcode 14.0";
			developmentRegion = en;
			hasScannedForEncodings = 0;
			knownRegions = (
				en,
				Base,
			);
			mainGroup = 8B3150E42CC38CD4005865E5;
			productRefGroup = 8B3150EE2CC38CD4005865E5 /* Products */;
			projectDirPath = "";
			projectRoot = "";
			targets = (
				8B3150EC2CC38CD4005865E5 /* WhatSappClone */,
			);
		};
/* End PBXProject section */

/* Begin PBXResourcesBuildPhase section */
		8B3150EB2CC38CD4005865E5 /* Resources */ = {
			isa = PBXResourcesBuildPhase;
			buildActionMask = 2147483647;
			files = (
				8B3150F92CC38CD6005865E5 /* Preview Assets.xcassets in Resources */,
				8B3150F52CC38CD6005865E5 /* Assets.xcassets in Resources */,
			);
			runOnlyForDeploymentPostprocessing = 0;
		};
/* End PBXResourcesBuildPhase section */

/* Begin PBXSourcesBuildPhase section */
		8B3150E92CC38CD4005865E5 /* Sources */ = {
			isa = PBXSourcesBuildPhase;
			buildActionMask = 2147483647;
			files = (
				8B3561EA2D4367A200A83E25 /* ChannelTabScreen.swift in Sources */,
				8B3150F32CC38CD4005865E5 /* ContentView.swift in Sources */,
				8B3150F12CC38CD4005865E5 /* WhatSappCloneApp.swift in Sources */,
				8B3561EC2D44A39400A83E25 /* ChannelItemView.swift in Sources */,
				8BFA763D2D42199500B4FB50 /* UpdatesTabScreen.swift in Sources */,
				8B3561E72D43547400A83E25 /* CommunityTabScreen.swift in Sources */,
				8B75DF472D42315D00C9842C /* CallsTabScreen.swift in Sources */,
				8BF377DA2D420DF1004B2E1D /* MainTabView.swift in Sources */,
			);
			runOnlyForDeploymentPostprocessing = 0;
		};
/* End PBXSourcesBuildPhase section */

/* Begin XCBuildConfiguration section */
		8B3150FA2CC38CD6005865E5 /* Debug */ = {
			isa = XCBuildConfiguration;
			buildSettings = {
				ALWAYS_SEARCH_USER_PATHS = NO;
				ASSETCATALOG_COMPILER_GENERATE_SWIFT_ASSET_SYMBOL_EXTENSIONS = YES;
				CLANG_ANALYZER_NONNULL = YES;
				CLANG_ANALYZER_NUMBER_OBJECT_CONVERSION = YES_AGGRESSIVE;
				CLANG_CXX_LANGUAGE_STANDARD = "gnu++20";
				CLANG_ENABLE_MODULES = YES;
				CLANG_ENABLE_OBJC_ARC = YES;
				CLANG_ENABLE_OBJC_WEAK = YES;
				CLANG_WARN_BLOCK_CAPTURE_AUTORELEASING = YES;
				CLANG_WARN_BOOL_CONVERSION = YES;
				CLANG_WARN_COMMA = YES;
				CLANG_WARN_CONSTANT_CONVERSION = YES;
				CLANG_WARN_DEPRECATED_OBJC_IMPLEMENTATIONS = YES;
				CLANG_WARN_DIRECT_OBJC_ISA_USAGE = YES_ERROR;
				CLANG_WARN_DOCUMENTATION_COMMENTS = YES;
				CLANG_WARN_EMPTY_BODY = YES;
				CLANG_WARN_ENUM_CONVERSION = YES;
				CLANG_WARN_INFINITE_RECURSION = YES;
				CLANG_WARN_INT_CONVERSION = YES;
				CLANG_WARN_NON_LITERAL_NULL_CONVERSION = YES;
				CLANG_WARN_OBJC_IMPLICIT_RETAIN_SELF = YES;
				CLANG_WARN_OBJC_LITERAL_CONVERSION = YES;
				CLANG_WARN_OBJC_ROOT_CLASS = YES_ERROR;
				CLANG_WARN_QUOTED_INCLUDE_IN_FRAMEWORK_HEADER = YES;
				CLANG_WARN_RANGE_LOOP_ANALYSIS = YES;
				CLANG_WARN_STRICT_PROTOTYPES = YES;
				CLANG_WARN_SUSPICIOUS_MOVE = YES;
				CLANG_WARN_UNGUARDED_AVAILABILITY = YES_AGGRESSIVE;
				CLANG_WARN_UNREACHABLE_CODE = YES;
				CLANG_WARN__DUPLICATE_METHOD_MATCH = YES;
				COPY_PHASE_STRIP = NO;
				DEBUG_INFORMATION_FORMAT = dwarf;
				ENABLE_STRICT_OBJC_MSGSEND = YES;
				ENABLE_TESTABILITY = YES;
				ENABLE_USER_SCRIPT_SANDBOXING = YES;
				GCC_C_LANGUAGE_STANDARD = gnu17;
				GCC_DYNAMIC_NO_PIC = NO;
				GCC_NO_COMMON_BLOCKS = YES;
				GCC_OPTIMIZATION_LEVEL = 0;
				GCC_PREPROCESSOR_DEFINITIONS = (
					"DEBUG=1",
					"$(inherited)",
				);
				GCC_WARN_64_TO_32_BIT_CONVERSION = YES;
				GCC_WARN_ABOUT_RETURN_TYPE = YES_ERROR;
				GCC_WARN_UNDECLARED_SELECTOR = YES;
				GCC_WARN_UNINITIALIZED_AUTOS = YES_AGGRESSIVE;
				GCC_WARN_UNUSED_FUNCTION = YES;
				GCC_WARN_UNUSED_VARIABLE = YES;
				LOCALIZATION_PREFERS_STRING_CATALOGS = YES;
				MTL_ENABLE_DEBUG_INFO = INCLUDE_SOURCE;
				MTL_FAST_MATH = YES;
				ONLY_ACTIVE_ARCH = YES;
				SWIFT_ACTIVE_COMPILATION_CONDITIONS = "DEBUG $(inherited)";
				SWIFT_OPTIMIZATION_LEVEL = "-Onone";
			};
			name = Debug;
		};
		8B3150FB2CC38CD6005865E5 /* Release */ = {
			isa = XCBuildConfiguration;
			buildSettings = {
				ALWAYS_SEARCH_USER_PATHS = NO;
				ASSETCATALOG_COMPILER_GENERATE_SWIFT_ASSET_SYMBOL_EXTENSIONS = YES;
				CLANG_ANALYZER_NONNULL = YES;
				CLANG_ANALYZER_NUMBER_OBJECT_CONVERSION = YES_AGGRESSIVE;
				CLANG_CXX_LANGUAGE_STANDARD = "gnu++20";
				CLANG_ENABLE_MODULES = YES;
				CLANG_ENABLE_OBJC_ARC = YES;
				CLANG_ENABLE_OBJC_WEAK = YES;
				CLANG_WARN_BLOCK_CAPTURE_AUTORELEASING = YES;
				CLANG_WARN_BOOL_CONVERSION = YES;
				CLANG_WARN_COMMA = YES;
				CLANG_WARN_CONSTANT_CONVERSION = YES;
				CLANG_WARN_DEPRECATED_OBJC_IMPLEMENTATIONS = YES;
				CLANG_WARN_DIRECT_OBJC_ISA_USAGE = YES_ERROR;
				CLANG_WARN_DOCUMENTATION_COMMENTS = YES;
				CLANG_WARN_EMPTY_BODY = YES;
				CLANG_WARN_ENUM_CONVERSION = YES;
				CLANG_WARN_INFINITE_RECURSION = YES;
				CLANG_WARN_INT_CONVERSION = YES;
				CLANG_WARN_NON_LITERAL_NULL_CONVERSION = YES;
				CLANG_WARN_OBJC_IMPLICIT_RETAIN_SELF = YES;
				CLANG_WARN_OBJC_LITERAL_CONVERSION = YES;
				CLANG_WARN_OBJC_ROOT_CLASS = YES_ERROR;
				CLANG_WARN_QUOTED_INCLUDE_IN_FRAMEWORK_HEADER = YES;
				CLANG_WARN_RANGE_LOOP_ANALYSIS = YES;
				CLANG_WARN_STRICT_PROTOTYPES = YES;
				CLANG_WARN_SUSPICIOUS_MOVE = YES;
				CLANG_WARN_UNGUARDED_AVAILABILITY = YES_AGGRESSIVE;
				CLANG_WARN_UNREACHABLE_CODE = YES;
				CLANG_WARN__DUPLICATE_METHOD_MATCH = YES;
				COPY_PHASE_STRIP = NO;
				DEBUG_INFORMATION_FORMAT = "dwarf-with-dsym";
				ENABLE_NS_ASSERTIONS = NO;
				ENABLE_STRICT_OBJC_MSGSEND = YES;
				ENABLE_USER_SCRIPT_SANDBOXING = YES;
				GCC_C_LANGUAGE_STANDARD = gnu17;
				GCC_NO_COMMON_BLOCKS = YES;
				GCC_WARN_64_TO_32_BIT_CONVERSION = YES;
				GCC_WARN_ABOUT_RETURN_TYPE = YES_ERROR;
				GCC_WARN_UNDECLARED_SELECTOR = YES;
				GCC_WARN_UNINITIALIZED_AUTOS = YES_AGGRESSIVE;
				GCC_WARN_UNUSED_FUNCTION = YES;
				GCC_WARN_UNUSED_VARIABLE = YES;
				LOCALIZATION_PREFERS_STRING_CATALOGS = YES;
				MTL_ENABLE_DEBUG_INFO = NO;
				MTL_FAST_MATH = YES;
				SWIFT_COMPILATION_MODE = wholemodule;
			};
			name = Release;
		};
		8B3150FD2CC38CD6005865E5 /* Debug */ = {
			isa = XCBuildConfiguration;
			buildSettings = {
				ASSETCATALOG_COMPILER_APPICON_NAME = AppIcon;
				ASSETCATALOG_COMPILER_GLOBAL_ACCENT_COLOR_NAME = AccentColor;
				CODE_SIGN_ENTITLEMENTS = WhatSappClone/WhatSappClone.entitlements;
				CODE_SIGN_STYLE = Automatic;
				CURRENT_PROJECT_VERSION = 1;
				DEVELOPMENT_ASSET_PATHS = "\"WhatSappClone/Preview Content\"";
				ENABLE_PREVIEWS = YES;
				GENERATE_INFOPLIST_FILE = YES;
				"INFOPLIST_KEY_UIApplicationSceneManifest_Generation[sdk=iphoneos*]" = YES;
				"INFOPLIST_KEY_UIApplicationSceneManifest_Generation[sdk=iphonesimulator*]" = YES;
				"INFOPLIST_KEY_UIApplicationSupportsIndirectInputEvents[sdk=iphoneos*]" = YES;
				"INFOPLIST_KEY_UIApplicationSupportsIndirectInputEvents[sdk=iphonesimulator*]" = YES;
				"INFOPLIST_KEY_UILaunchScreen_Generation[sdk=iphoneos*]" = YES;
				"INFOPLIST_KEY_UILaunchScreen_Generation[sdk=iphonesimulator*]" = YES;
				"INFOPLIST_KEY_UIStatusBarStyle[sdk=iphoneos*]" = UIStatusBarStyleDefault;
				"INFOPLIST_KEY_UIStatusBarStyle[sdk=iphonesimulator*]" = UIStatusBarStyleDefault;
				INFOPLIST_KEY_UISupportedInterfaceOrientations_iPad = "UIInterfaceOrientationPortrait UIInterfaceOrientationPortraitUpsideDown UIInterfaceOrientationLandscapeLeft UIInterfaceOrientationLandscapeRight";
				INFOPLIST_KEY_UISupportedInterfaceOrientations_iPhone = "UIInterfaceOrientationPortrait UIInterfaceOrientationLandscapeLeft UIInterfaceOrientationLandscapeRight";
				IPHONEOS_DEPLOYMENT_TARGET = 17.5;
				LD_RUNPATH_SEARCH_PATHS = "@executable_path/Frameworks";
				"LD_RUNPATH_SEARCH_PATHS[sdk=macosx*]" = "@executable_path/../Frameworks";
				MACOSX_DEPLOYMENT_TARGET = 14.4;
				MARKETING_VERSION = 1.0;
				PRODUCT_BUNDLE_IDENTIFIER = com.khanhnguyen.messagerClone.WhatSappClone;
				PRODUCT_NAME = "$(TARGET_NAME)";
				SDKROOT = auto;
				SUPPORTED_PLATFORMS = "iphoneos iphonesimulator macosx";
				SWIFT_EMIT_LOC_STRINGS = YES;
				SWIFT_VERSION = 5.0;
				TARGETED_DEVICE_FAMILY = "1,2";
			};
			name = Debug;
		};
		8B3150FE2CC38CD6005865E5 /* Release */ = {
			isa = XCBuildConfiguration;
			buildSettings = {
				ASSETCATALOG_COMPILER_APPICON_NAME = AppIcon;
				ASSETCATALOG_COMPILER_GLOBAL_ACCENT_COLOR_NAME = AccentColor;
				CODE_SIGN_ENTITLEMENTS = WhatSappClone/WhatSappClone.entitlements;
				CODE_SIGN_STYLE = Automatic;
				CURRENT_PROJECT_VERSION = 1;
				DEVELOPMENT_ASSET_PATHS = "\"WhatSappClone/Preview Content\"";
				ENABLE_PREVIEWS = YES;
				GENERATE_INFOPLIST_FILE = YES;
				"INFOPLIST_KEY_UIApplicationSceneManifest_Generation[sdk=iphoneos*]" = YES;
				"INFOPLIST_KEY_UIApplicationSceneManifest_Generation[sdk=iphonesimulator*]" = YES;
				"INFOPLIST_KEY_UIApplicationSupportsIndirectInputEvents[sdk=iphoneos*]" = YES;
				"INFOPLIST_KEY_UIApplicationSupportsIndirectInputEvents[sdk=iphonesimulator*]" = YES;
				"INFOPLIST_KEY_UILaunchScreen_Generation[sdk=iphoneos*]" = YES;
				"INFOPLIST_KEY_UILaunchScreen_Generation[sdk=iphonesimulator*]" = YES;
				"INFOPLIST_KEY_UIStatusBarStyle[sdk=iphoneos*]" = UIStatusBarStyleDefault;
				"INFOPLIST_KEY_UIStatusBarStyle[sdk=iphonesimulator*]" = UIStatusBarStyleDefault;
				INFOPLIST_KEY_UISupportedInterfaceOrientations_iPad = "UIInterfaceOrientationPortrait UIInterfaceOrientationPortraitUpsideDown UIInterfaceOrientationLandscapeLeft UIInterfaceOrientationLandscapeRight";
				INFOPLIST_KEY_UISupportedInterfaceOrientations_iPhone = "UIInterfaceOrientationPortrait UIInterfaceOrientationLandscapeLeft UIInterfaceOrientationLandscapeRight";
				IPHONEOS_DEPLOYMENT_TARGET = 17.5;
				LD_RUNPATH_SEARCH_PATHS = "@executable_path/Frameworks";
				"LD_RUNPATH_SEARCH_PATHS[sdk=macosx*]" = "@executable_path/../Frameworks";
				MACOSX_DEPLOYMENT_TARGET = 14.4;
				MARKETING_VERSION = 1.0;
				PRODUCT_BUNDLE_IDENTIFIER = com.khanhnguyen.messagerClone.WhatSappClone;
				PRODUCT_NAME = "$(TARGET_NAME)";
				SDKROOT = auto;
				SUPPORTED_PLATFORMS = "iphoneos iphonesimulator macosx";
				SWIFT_EMIT_LOC_STRINGS = YES;
				SWIFT_VERSION = 5.0;
				TARGETED_DEVICE_FAMILY = "1,2";
			};
			name = Release;
		};
/* End XCBuildConfiguration section */

/* Begin XCConfigurationList section */
		8B3150E82CC38CD4005865E5 /* Build configuration list for PBXProject "WhatSappClone" */ = {
			isa = XCConfigurationList;
			buildConfigurations = (
				8B3150FA2CC38CD6005865E5 /* Debug */,
				8B3150FB2CC38CD6005865E5 /* Release */,
			);
			defaultConfigurationIsVisible = 0;
			defaultConfigurationName = Release;
		};
		8B3150FC2CC38CD6005865E5 /* Build configuration list for PBXNativeTarget "WhatSappClone" */ = {
			isa = XCConfigurationList;
			buildConfigurations = (
				8B3150FD2CC38CD6005865E5 /* Debug */,
				8B3150FE2CC38CD6005865E5 /* Release */,
			);
			defaultConfigurationIsVisible = 0;
			defaultConfigurationName = Release;
		};
/* End XCConfigurationList section */
	};
	rootObject = 8B3150E52CC38CD4005865E5 /* Project object */;
}
